
Microsoft Visual Studio Solution File, Format Version 12.00
# Visual Studio Version 16
VisualStudioVersion = 16.0.31515.178
MinimumVisualStudioVersion = 10.0.40219.1
Project("{9A19103F-16F7-4668-BE54-9A1E7A4F7556}") = "Core", "Core\Core.csproj", "{A51962EA-6766-46E8-81C9-89167B391589}"
EndProject
Project("{9A19103F-16F7-4668-BE54-9A1E7A4F7556}") = "PatientPortal", "PatientPortal\PatientPortal.csproj", "{5F4E0228-D5C2-4170-B4AF-081481763198}"
EndProject
Project("{9A19103F-16F7-4668-BE54-9A1E7A4F7556}") = "GraphicalEditor", "GraphicalEditor\GraphicalEditor.csproj", "{3F5B8F65-0539-4D6C-80CD-C635A2AADFBE}"
EndProject
Project("{FAE04EC0-301F-11D3-BF4B-00C04F79EFBC}") = "DoctorPortal", "DoctorPortal\DoctorPortal.csproj", "{D4A9CA74-2A6F-47B4-91A8-2B35905D1D73}"
EndProject
Project("{FAE04EC0-301F-11D3-BF4B-00C04F79EFBC}") = "Integration", "Integration\Integration.csproj", "{7C9ED734-A9C5-41BF-AC38-843C6E59A0A7}"
EndProject
Global
	GlobalSection(SolutionConfigurationPlatforms) = preSolution
		Debug|Any CPU = Debug|Any CPU
		Release|Any CPU = Release|Any CPU
	EndGlobalSection
	GlobalSection(ProjectConfigurationPlatforms) = postSolution
		{A51962EA-6766-46E8-81C9-89167B391589}.Debug|Any CPU.ActiveCfg = Debug|Any CPU
		{A51962EA-6766-46E8-81C9-89167B391589}.Debug|Any CPU.Build.0 = Debug|Any CPU
		{A51962EA-6766-46E8-81C9-89167B391589}.Release|Any CPU.ActiveCfg = Release|Any CPU
		{A51962EA-6766-46E8-81C9-89167B391589}.Release|Any CPU.Build.0 = Release|Any CPU
		{5F4E0228-D5C2-4170-B4AF-081481763198}.Debug|Any CPU.ActiveCfg = Debug|Any CPU
		{5F4E0228-D5C2-4170-B4AF-081481763198}.Debug|Any CPU.Build.0 = Debug|Any CPU
		{5F4E0228-D5C2-4170-B4AF-081481763198}.Release|Any CPU.ActiveCfg = Release|Any CPU
		{5F4E0228-D5C2-4170-B4AF-081481763198}.Release|Any CPU.Build.0 = Release|Any CPU
		{3F5B8F65-0539-4D6C-80CD-C635A2AADFBE}.Debug|Any CPU.ActiveCfg = Debug|Any CPU
		{3F5B8F65-0539-4D6C-80CD-C635A2AADFBE}.Debug|Any CPU.Build.0 = Debug|Any CPU
		{3F5B8F65-0539-4D6C-80CD-C635A2AADFBE}.Release|Any CPU.ActiveCfg = Release|Any CPU
		{3F5B8F65-0539-4D6C-80CD-C635A2AADFBE}.Release|Any CPU.Build.0 = Release|Any CPU
		{D4A9CA74-2A6F-47B4-91A8-2B35905D1D73}.Debug|Any CPU.ActiveCfg = Debug|Any CPU
		{D4A9CA74-2A6F-47B4-91A8-2B35905D1D73}.Debug|Any CPU.Build.0 = Debug|Any CPU
		{D4A9CA74-2A6F-47B4-91A8-2B35905D1D73}.Release|Any CPU.ActiveCfg = Release|Any CPU
		{D4A9CA74-2A6F-47B4-91A8-2B35905D1D73}.Release|Any CPU.Build.0 = Release|Any CPU
		{7C9ED734-A9C5-41BF-AC38-843C6E59A0A7}.Debug|Any CPU.ActiveCfg = Debug|Any CPU
		{7C9ED734-A9C5-41BF-AC38-843C6E59A0A7}.Debug|Any CPU.Build.0 = Debug|Any CPU
		{7C9ED734-A9C5-41BF-AC38-843C6E59A0A7}.Release|Any CPU.ActiveCfg = Release|Any CPU
		{7C9ED734-A9C5-41BF-AC38-843C6E59A0A7}.Release|Any CPU.Build.0 = Release|Any CPU
	EndGlobalSection
	GlobalSection(SolutionProperties) = preSolution
		HideSolutionNode = FALSE
	EndGlobalSection
	GlobalSection(ExtensibilityGlobals) = postSolution
		SolutionGuid = {8408BB9C-2D8B-4D86-8ADA-D9D6E628983A}
	EndGlobalSection
EndGlobal
